
Microsoft Visual Studio Solution File, Format Version 12.00
# Visual Studio Version 17
VisualStudioVersion = 17.6.33801.468
MinimumVisualStudioVersion = 10.0.40219.1
Project("{FAE04EC0-301F-11D3-BF4B-00C04F79EFBC}") = "UltraGamesStoreNoSteamNONONO", "UltraGamesStoreNoSteamNONONO\UltraGamesStoreNoSteamNONONO.csproj", "{AFAC7DD6-8EC7-4E96-B390-E2F4610F20C5}"
EndProject
Global
	GlobalSection(SolutionConfigurationPlatforms) = preSolution
		Debug|Any CPU = Debug|Any CPU
		Release|Any CPU = Release|Any CPU
	EndGlobalSection
	GlobalSection(ProjectConfigurationPlatforms) = postSolution
		{AFAC7DD6-8EC7-4E96-B390-E2F4610F20C5}.Debug|Any CPU.ActiveCfg = Debug|Any CPU
		{AFAC7DD6-8EC7-4E96-B390-E2F4610F20C5}.Debug|Any CPU.Build.0 = Debug|Any CPU
		{AFAC7DD6-8EC7-4E96-B390-E2F4610F20C5}.Release|Any CPU.ActiveCfg = Release|Any CPU
		{AFAC7DD6-8EC7-4E96-B390-E2F4610F20C5}.Release|Any CPU.Build.0 = Release|Any CPU
	EndGlobalSection
	GlobalSection(SolutionProperties) = preSolution
		HideSolutionNode = FALSE
	EndGlobalSection
	GlobalSection(ExtensibilityGlobals) = postSolution
		SolutionGuid = {7FDA9C6C-92B7-487A-A00C-6E846AB7EDB6}
	EndGlobalSection
EndGlobal
